github.com/BurntSushi/toml v0.0.0-20160426202516-f0aeabca5a12 h1:SGbPgXQwWSGPDvDi2OHcdK9bCLBgMT0xNciCO1RRqFY=
github.com/BurntSushi/toml v0.0.0-20160426202516-f0aeabca5a12/go.mod h1:xHWCNGjB5oqiDr8zfno3MHue2Ht5sIBksp03qcyfWMU=
github.com/jinzhu/gorm v0.0.0-20160404144928-5174cc5c242a/go.mod h1:Vla75njaFJ8clLU1W44h34PjIkijhjHIYnZxMqCdxqo=
github.com/jinzhu/inflection v0.0.0-20151009084129-3272df6c21d0/go.mod h1:h+uFLlag+Qp1Va5pdKtLDYj+kHp5pxUVkryuEj+Srlc=
github.com/labstack/echo v0.0.0-20160409230950-2f8639b7e63a h1:2OCzmxQ5nnv2eUWC3KVd/BBL7mMCgBjucL74+Bd6nys=
github.com/labstack/echo v0.0.0-20160409230950-2f8639b7e63a/go.mod h1:0INS7j/VjnFxD4E2wkz67b8cVwCLbBmJyDaka6Cmk1s=
github.com/labstack/gommon v0.0.0-20160320200843-be7921824956 h1:vWGZ1+mKLmn57a3S354u1orEYtUiYN00Q+6endb8RQE=
github.com/labstack/gommon v0.0.0-20160320200843-be7921824956/go.mod h1:/tj9csK2iPSBvn+3NLM9e52usepMtrd5ilFYA+wQNJ4=
github.com/mattn/go-colorable v0.0.0-20160220075935-9cbef7c35391 h1:x4vT4RoTH2BNkPx0LgrBKeFuPQPviK1aSAIWG6ruc+Y=
github.com/mattn/go-colorable v0.0.0-20160220075935-9cbef7c35391/go.mod h1:9vuHe8Xs5qXnSaW/c/ABM9alt+Vo+STaOChaDxuIBZU=
github.com/mattn/go-isatty v0.0.0-20151211000621-56b76bdf51f7 h1:owMyzMR4QR+jSdlfkX9jPU3rsby4++j99BfbtgVr6ZY=
github.com/mattn/go-isatty v0.0.0-20151211000621-56b76bdf51f7/go.mod h1:M+lRXTBqGeGNdLjl/ufCoiOlB5xdOkqRJdNxMWT7Zi4=
github.com/valyala/fasttemplate v0.0.0-20160315193134-3b874956e03f h1:qL0GulPcltegqmwdnhakM62NW+QeDQ+p1OpfnG8ExQ8=
github.com/valyala/fasttemplate v0.0.0-20160315193134-3b874956e03f/go.mod h1:50wTf68f99/Zt14pr046Tgt3Lp2vLyFZKzbFXTOabXw=
golang.org/x/crypto v0.0.0-20190308221718-c2843e01d9a2/go.mod h1:djNgcEr1/C05ACkg1iLfiJU5Ep61QUkGW8qpdssI0+w=
golang.org/x/net v0.0.0-20191209160850-c0dbc17a3553 h1:efeOvDhwQ29Dj3SdAV/MJf8oukgn+8D8WgaCaRMchF8=
golang.org/x/net v0.0.0-20191209160850-c0dbc17a3553/go.mod h1:z5CRVTTTmAJ677TzLLGU+0bjPO0LkuOLi4/5GtJWs/s=
golang.org/x/sys v0.0.0-20190215142949-d0b11bdaac8a/go.mod h1:STP8DvDyc/dI5b8T5hshtkjS+E42TnysNCUPdjciGhY=
golang.org/x/text v0.3.0/go.mod h1:NqM8EUOU14njkJ3fqMW+pc6Ldnwhi/IjpwHt7yyuwOQ=
